
Microsoft Visual Studio Solution File, Format Version 12.00
# Visual Studio Version 16
VisualStudioVersion = 16.0.30002.166
MinimumVisualStudioVersion = 10.0.40219.1
Project("{FAE04EC0-301F-11D3-BF4B-00C04F79EFBC}") = "EmreOdev2", "EmreOdev2\EmreOdev2.csproj", "{9E09219B-D448-4F21-87A4-D50A47915DBE}"
EndProject
Global
	GlobalSection(SolutionConfigurationPlatforms) = preSolution
		Debug|Any CPU = Debug|Any CPU
		Release|Any CPU = Release|Any CPU
	EndGlobalSection
	GlobalSection(ProjectConfigurationPlatforms) = postSolution
		{9E09219B-D448-4F21-87A4-D50A47915DBE}.Debug|Any CPU.ActiveCfg = Debug|Any CPU
		{9E09219B-D448-4F21-87A4-D50A47915DBE}.Debug|Any CPU.Build.0 = Debug|Any CPU
		{9E09219B-D448-4F21-87A4-D50A47915DBE}.Release|Any CPU.ActiveCfg = Release|Any CPU
		{9E09219B-D448-4F21-87A4-D50A47915DBE}.Release|Any CPU.Build.0 = Release|Any CPU
	EndGlobalSection
	GlobalSection(SolutionProperties) = preSolution
		HideSolutionNode = FALSE
	EndGlobalSection
	GlobalSection(ExtensibilityGlobals) = postSolution
		SolutionGuid = {EBC9F8B9-8820-42AF-A900-23B1CE41EBE9}
	EndGlobalSection
EndGlobal
